PODS:
  - Flutter (1.0.0)
  - flutter_appavailability (0.0.1):
    - Flutter
  - store_launcher (0.0.1):
    - Flutter
  - url_launcher (0.0.1):
    - Flutter

DEPENDENCIES:
  - Flutter (from `Flutter`)
  - flutter_appavailability (from `.symlinks/plugins/flutter_appavailability/ios`)
  - store_launcher (from `.symlinks/plugins/store_launcher/ios`)
  - url_launcher (from `.symlinks/plugins/url_launcher/ios`)

EXTERNAL SOURCES:
  Flutter:
    :path: Flutter
  flutter_appavailability:
    :path: ".symlinks/plugins/flutter_appavailability/ios"
  store_launcher:
    :path: ".symlinks/plugins/store_launcher/ios"
  url_launcher:
    :path: ".symlinks/plugins/url_launcher/ios"

SPEC CHECKSUMS:
  Flutter: 434fef37c0980e73bb6479ef766c45957d4b510c
  flutter_appavailability: ebf8f85abea44436d1262fcde8a4e64b2534b01a
  store_launcher: a3ce2e0e9ff758ac1278f97a0bbb8210c2a621a6
  url_launcher: 6fef411d543ceb26efce54b05a0a40bfd74cbbef

PODFILE CHECKSUM: aafe91acc616949ddb318b77800a7f51bffa2a4c

COCOAPODS: 1.11.2
